PODS:
  - AFNetworking (2.6.3):
    - AFNetworking/NSURLConnection (= 2.6.3)
    - AFNetworking/NSURLSession (= 2.6.3)
    - AFNetworking/Reachability (= 2.6.3)
    - AFNetworking/Security (= 2.6.3)
    - AFNetworking/Serialization (= 2.6.3)
    - AFNetworking/UIKit (= 2.6.3)
  - AFNetworking/NSURLConnection (2.6.3):
    - AFNetworking/Reachability
    - AFNetworking/Security
    - AFNetworking/Serialization
  - AFNetworking/NSURLSession (2.6.3):
    - AFNetworking/Reachability
    - AFNetworking/Security
    - AFNetworking/Serialization
  - AFNetworking/Reachability (2.6.3)
  - AFNetworking/Security (2.6.3)
  - AFNetworking/Serialization (2.6.3)
  - AFNetworking/UIKit (2.6.3):
    - AFNetworking/NSURLConnection
    - AFNetworking/NSURLSession
  - MJExtension (3.0.11)
  - MJRefresh (3.1.10)

DEPENDENCIES:
  - AFNetworking (~> 2.0)
  - MJExtension
  - MJRefresh

SPEC CHECKSUMS:
  AFNetworking: cb8d14a848e831097108418f5d49217339d4eb60
  MJExtension: f9ae6ddc0f1c482c3c9af750280ccebd14381958
  MJRefresh: bb72948c985914b0b5cecac573a2c69a8915fb02

PODFILE CHECKSUM: 8395e5ecad7f315cb0ac4c8471f1cde20f474eb7

COCOAPODS: 1.1.0.beta.2
